
Microsoft Visual Studio Solution File, Format Version 12.00
# Visual Studio Version 17
VisualStudioVersion = 17.7.34031.279
MinimumVisualStudioVersion = 10.0.40219.1
Project("{FAE04EC0-301F-11D3-BF4B-00C04F79EFBC}") = "Hackathon_Project_Backend", "Hackathon_Project_Backend\Hackathon_Project_Backend.csproj", "{B48D8CE5-B218-4306-BF39-754AC09E678F}"
EndProject
Global
	GlobalSection(SolutionConfigurationPlatforms) = preSolution
		Debug|Any CPU = Debug|Any CPU
		Release|Any CPU = Release|Any CPU
	EndGlobalSection
	GlobalSection(ProjectConfigurationPlatforms) = postSolution
		{B48D8CE5-B218-4306-BF39-754AC09E678F}.Debug|Any CPU.ActiveCfg = Debug|Any CPU
		{B48D8CE5-B218-4306-BF39-754AC09E678F}.Debug|Any CPU.Build.0 = Debug|Any CPU
		{B48D8CE5-B218-4306-BF39-754AC09E678F}.Release|Any CPU.ActiveCfg = Release|Any CPU
		{B48D8CE5-B218-4306-BF39-754AC09E678F}.Release|Any CPU.Build.0 = Release|Any CPU
	EndGlobalSection
	GlobalSection(SolutionProperties) = preSolution
		HideSolutionNode = FALSE
	EndGlobalSection
	GlobalSection(ExtensibilityGlobals) = postSolution
		SolutionGuid = {6AF908F4-5AFE-4C03-8B16-4882228592AD}
	EndGlobalSection
EndGlobal
